
Microsoft Visual Studio Solution File, Format Version 12.00
# Visual Studio 2013
VisualStudioVersion = 12.0.31101.0
MinimumVisualStudioVersion = 10.0.40219.1
Project("{FAE04EC0-301F-11D3-BF4B-00C04F79EFBC}") = "MovieManager.Console", "MovieManager.Console\MovieManager.Console.csproj", "{EB6CF604-2ECA-4652-A4D0-8CD6AF4BDACD}"
EndProject
Project("{FAE04EC0-301F-11D3-BF4B-00C04F79EFBC}") = "MovieManager.Data", "MovieManager.Data\MovieManager.Data.csproj", "{6C227B3F-0F74-4731-9044-64D1F7FB0185}"
EndProject
Project("{FAE04EC0-301F-11D3-BF4B-00C04F79EFBC}") = "MovieManager.Services", "MovieManager.Services\MovieManager.Services.csproj", "{1B717D48-EA7E-4599-984B-6161C6D061FF}"
EndProject
Project("{FAE04EC0-301F-11D3-BF4B-00C04F79EFBC}") = "MovieManager.Test", "MovieManager.Test\MovieManager.Test.csproj", "{D1284E62-A38B-47DC-AAE0-351D85C759D3}"
EndProject
Project("{FAE04EC0-301F-11D3-BF4B-00C04F79EFBC}") = "MovieManager.BusinessLogic", "MovieManager.BusinessLogic\MovieManager.BusinessLogic.csproj", "{3EB25CA5-BCFE-44AC-86A6-A8C29DAE6CAB}"
EndProject
Project("{FAE04EC0-301F-11D3-BF4B-00C04F79EFBC}") = "MovieManager.Web", "MovieManager.Web\MovieManager.Web.csproj", "{D8C33042-3893-4840-B6F3-354551DCD493}"
EndProject
Global
	GlobalSection(SolutionConfigurationPlatforms) = preSolution
		Debug|Any CPU = Debug|Any CPU
		Release|Any CPU = Release|Any CPU
	EndGlobalSection
	GlobalSection(ProjectConfigurationPlatforms) = postSolution
		{EB6CF604-2ECA-4652-A4D0-8CD6AF4BDACD}.Debug|Any CPU.ActiveCfg = Debug|Any CPU
		{EB6CF604-2ECA-4652-A4D0-8CD6AF4BDACD}.Debug|Any CPU.Build.0 = Debug|Any CPU
		{EB6CF604-2ECA-4652-A4D0-8CD6AF4BDACD}.Release|Any CPU.ActiveCfg = Release|Any CPU
		{EB6CF604-2ECA-4652-A4D0-8CD6AF4BDACD}.Release|Any CPU.Build.0 = Release|Any CPU
		{6C227B3F-0F74-4731-9044-64D1F7FB0185}.Debug|Any CPU.ActiveCfg = Debug|Any CPU
		{6C227B3F-0F74-4731-9044-64D1F7FB0185}.Debug|Any CPU.Build.0 = Debug|Any CPU
		{6C227B3F-0F74-4731-9044-64D1F7FB0185}.Release|Any CPU.ActiveCfg = Release|Any CPU
		{6C227B3F-0F74-4731-9044-64D1F7FB0185}.Release|Any CPU.Build.0 = Release|Any CPU
		{1B717D48-EA7E-4599-984B-6161C6D061FF}.Debug|Any CPU.ActiveCfg = Debug|Any CPU
		{1B717D48-EA7E-4599-984B-6161C6D061FF}.Debug|Any CPU.Build.0 = Debug|Any CPU
		{1B717D48-EA7E-4599-984B-6161C6D061FF}.Release|Any CPU.ActiveCfg = Release|Any CPU
		{1B717D48-EA7E-4599-984B-6161C6D061FF}.Release|Any CPU.Build.0 = Release|Any CPU
		{D1284E62-A38B-47DC-AAE0-351D85C759D3}.Debug|Any CPU.ActiveCfg = Debug|Any CPU
		{D1284E62-A38B-47DC-AAE0-351D85C759D3}.Debug|Any CPU.Build.0 = Debug|Any CPU
		{D1284E62-A38B-47DC-AAE0-351D85C759D3}.Release|Any CPU.ActiveCfg = Release|Any CPU
		{D1284E62-A38B-47DC-AAE0-351D85C759D3}.Release|Any CPU.Build.0 = Release|Any CPU
		{3EB25CA5-BCFE-44AC-86A6-A8C29DAE6CAB}.Debug|Any CPU.ActiveCfg = Debug|Any CPU
		{3EB25CA5-BCFE-44AC-86A6-A8C29DAE6CAB}.Debug|Any CPU.Build.0 = Debug|Any CPU
		{3EB25CA5-BCFE-44AC-86A6-A8C29DAE6CAB}.Release|Any CPU.ActiveCfg = Release|Any CPU
		{3EB25CA5-BCFE-44AC-86A6-A8C29DAE6CAB}.Release|Any CPU.Build.0 = Release|Any CPU
		{D8C33042-3893-4840-B6F3-354551DCD493}.Debug|Any CPU.ActiveCfg = Debug|Any CPU
		{D8C33042-3893-4840-B6F3-354551DCD493}.Debug|Any CPU.Build.0 = Debug|Any CPU
		{D8C33042-3893-4840-B6F3-354551DCD493}.Release|Any CPU.ActiveCfg = Release|Any CPU
		{D8C33042-3893-4840-B6F3-354551DCD493}.Release|Any CPU.Build.0 = Release|Any CPU
	EndGlobalSection
	GlobalSection(SolutionProperties) = preSolution
		HideSolutionNode = FALSE
	EndGlobalSection
EndGlobal
